// !$*UTF8*$!
{
	archiveVersion = 1;
	classes = {
	};
	objectVersion = 56;
	objects = {

/* Begin PBXBuildFile section */
		6325FD2B2A28008F00E8C98A /* FirebaseKeys.swift in Sources */ = {isa = PBXBuildFile; fileRef = 6325FD2A2A28008F00E8C98A /* FirebaseKeys.swift */; };
		6325FD2E2A290EB100E8C98A /* MessageView.swift in Sources */ = {isa = PBXBuildFile; fileRef = 6325FD2D2A290EB100E8C98A /* MessageView.swift */; };
		638080932A1E7204002BD0F7 /* MyChatAppApp.swift in Sources */ = {isa = PBXBuildFile; fileRef = 638080922A1E7204002BD0F7 /* MyChatAppApp.swift */; };
		638080972A1E7206002BD0F7 /* Assets.xcassets in Resources */ = {isa = PBXBuildFile; fileRef = 638080962A1E7206002BD0F7 /* Assets.xcassets */; };
		6380809A2A1E7206002BD0F7 /* Preview Assets.xcassets in Resources */ = {isa = PBXBuildFile; fileRef = 638080992A1E7206002BD0F7 /* Preview Assets.xcassets */; };
		638080A12A1E7314002BD0F7 /* GoogleService-Info.plist in Resources */ = {isa = PBXBuildFile; fileRef = 638080A02A1E7314002BD0F7 /* GoogleService-Info.plist */; };
		638080A42A1E7401002BD0F7 /* FirebaseAuth in Frameworks */ = {isa = PBXBuildFile; productRef = 638080A32A1E7401002BD0F7 /* FirebaseAuth */; };
		638080A62A1E7401002BD0F7 /* FirebaseFirestore in Frameworks */ = {isa = PBXBuildFile; productRef = 638080A52A1E7401002BD0F7 /* FirebaseFirestore */; };
		638080A82A1E7401002BD0F7 /* FirebaseStorage in Frameworks */ = {isa = PBXBuildFile; productRef = 638080A72A1E7401002BD0F7 /* FirebaseStorage */; };
		638080AB2A1E745E002BD0F7 /* FirebaseManager.swift in Sources */ = {isa = PBXBuildFile; fileRef = 638080AA2A1E745E002BD0F7 /* FirebaseManager.swift */; };
		638080AF2A1E7521002BD0F7 /* LogInView.swift in Sources */ = {isa = PBXBuildFile; fileRef = 638080AE2A1E7521002BD0F7 /* LogInView.swift */; };
		638080B12A1E78FB002BD0F7 /* EmailPasswordForm.swift in Sources */ = {isa = PBXBuildFile; fileRef = 638080B02A1E78FB002BD0F7 /* EmailPasswordForm.swift */; };
		638080B42A1E9200002BD0F7 /* RegisterView.swift in Sources */ = {isa = PBXBuildFile; fileRef = 638080B32A1E9200002BD0F7 /* RegisterView.swift */; };
		638080B62A1E926B002BD0F7 /* ColorConstants.swift in Sources */ = {isa = PBXBuildFile; fileRef = 638080B52A1E926B002BD0F7 /* ColorConstants.swift */; };
		638080BA2A1E96A0002BD0F7 /* LogInViewModel.swift in Sources */ = {isa = PBXBuildFile; fileRef = 638080B92A1E96A0002BD0F7 /* LogInViewModel.swift */; };
		638080BE2A1EA064002BD0F7 /* MessageHomeView.swift in Sources */ = {isa = PBXBuildFile; fileRef = 638080BD2A1EA064002BD0F7 /* MessageHomeView.swift */; };
		638080C12A1EA0D8002BD0F7 /* NavigationRouter.swift in Sources */ = {isa = PBXBuildFile; fileRef = 638080C02A1EA0D8002BD0F7 /* NavigationRouter.swift */; };
		638080C32A1EA0FA002BD0F7 /* Route.swift in Sources */ = {isa = PBXBuildFile; fileRef = 638080C22A1EA0FA002BD0F7 /* Route.swift */; };
		638080C52A1EB147002BD0F7 /* ImagePicker.swift in Sources */ = {isa = PBXBuildFile; fileRef = 638080C42A1EB147002BD0F7 /* ImagePicker.swift */; };
		638080C82A1EEF50002BD0F7 /* FirebaseConstants.swift in Sources */ = {isa = PBXBuildFile; fileRef = 638080C72A1EEF50002BD0F7 /* FirebaseConstants.swift */; };
		638080CB2A1FAACC002BD0F7 /* User.swift in Sources */ = {isa = PBXBuildFile; fileRef = 638080CA2A1FAACC002BD0F7 /* User.swift */; };
		638080CF2A1FD711002BD0F7 /* MessageHomeViewModel.swift in Sources */ = {isa = PBXBuildFile; fileRef = 638080CE2A1FD711002BD0F7 /* MessageHomeViewModel.swift */; };
		638080D12A1FDB30002BD0F7 /* NewMessageView.swift in Sources */ = {isa = PBXBuildFile; fileRef = 638080D02A1FDB30002BD0F7 /* NewMessageView.swift */; };
		638080D72A1FE691002BD0F7 /* NewMessageViewModel.swift in Sources */ = {isa = PBXBuildFile; fileRef = 638080D62A1FE691002BD0F7 /* NewMessageViewModel.swift */; };
		638080DA2A1FE972002BD0F7 /* UserAvatarCircleView.swift in Sources */ = {isa = PBXBuildFile; fileRef = 638080D92A1FE972002BD0F7 /* UserAvatarCircleView.swift */; };
		638080DE2A1FF70D002BD0F7 /* ChatView.swift in Sources */ = {isa = PBXBuildFile; fileRef = 638080DD2A1FF70D002BD0F7 /* ChatView.swift */; };
		638080E02A1FFAE3002BD0F7 /* ChatMessage.swift in Sources */ = {isa = PBXBuildFile; fileRef = 638080DF2A1FFAE3002BD0F7 /* ChatMessage.swift */; };
		638080E32A20E292002BD0F7 /* ChatViewModel.swift in Sources */ = {isa = PBXBuildFile; fileRef = 638080E22A20E292002BD0F7 /* ChatViewModel.swift */; };
		638080E52A2109F2002BD0F7 /* RecentMessage.swift in Sources */ = {isa = PBXBuildFile; fileRef = 638080E42A2109F2002BD0F7 /* RecentMessage.swift */; };
		6380810B2A27D4EF002BD0F7 /* FirebaseMessaging in Frameworks */ = {isa = PBXBuildFile; productRef = 6380810A2A27D4EF002BD0F7 /* FirebaseMessaging */; };
/* End PBXBuildFile section */

/* Begin PBXFileReference section */
		6325FD2A2A28008F00E8C98A /* FirebaseKeys.swift */ = {isa = PBXFileReference; lastKnownFileType = sourcecode.swift; path = FirebaseKeys.swift; sourceTree = "<group>"; };
		6325FD2D2A290EB100E8C98A /* MessageView.swift */ = {isa = PBXFileReference; lastKnownFileType = sourcecode.swift; path = MessageView.swift; sourceTree = "<group>"; };
		6380808F2A1E7204002BD0F7 /* MyChatApp.app */ = {isa = PBXFileReference; explicitFileType = wrapper.application; includeInIndex = 0; path = MyChatApp.app; sourceTree = BUILT_PRODUCTS_DIR; };
		638080922A1E7204002BD0F7 /* MyChatAppApp.swift */ = {isa = PBXFileReference; lastKnownFileType = sourcecode.swift; path = MyChatAppApp.swift; sourceTree = "<group>"; };
		638080962A1E7206002BD0F7 /* Assets.xcassets */ = {isa = PBXFileReference; lastKnownFileType = folder.assetcatalog; path = Assets.xcassets; sourceTree = "<group>"; };
		638080992A1E7206002BD0F7 /* Preview Assets.xcassets */ = {isa = PBXFileReference; lastKnownFileType = folder.assetcatalog; path = "Preview Assets.xcassets"; sourceTree = "<group>"; };
		638080A02A1E7314002BD0F7 /* GoogleService-Info.plist */ = {isa = PBXFileReference; fileEncoding = 4; lastKnownFileType = text.plist.xml; path = "GoogleService-Info.plist"; sourceTree = "<group>"; };
		638080AA2A1E745E002BD0F7 /* FirebaseManager.swift */ = {isa = PBXFileReference; lastKnownFileType = sourcecode.swift; path = FirebaseManager.swift; sourceTree = "<group>"; };
		638080AE2A1E7521002BD0F7 /* LogInView.swift */ = {isa = PBXFileReference; lastKnownFileType = sourcecode.swift; path = LogInView.swift; sourceTree = "<group>"; };
		638080B02A1E78FB002BD0F7 /* EmailPasswordForm.swift */ = {isa = PBXFileReference; lastKnownFileType = sourcecode.swift; path = EmailPasswordForm.swift; sourceTree = "<group>"; };
		638080B32A1E9200002BD0F7 /* RegisterView.swift */ = {isa = PBXFileReference; lastKnownFileType = sourcecode.swift; path = RegisterView.swift; sourceTree = "<group>"; };
		638080B52A1E926B002BD0F7 /* ColorConstants.swift */ = {isa = PBXFileReference; lastKnownFileType = sourcecode.swift; path = ColorConstants.swift; sourceTree = "<group>"; };
		638080B92A1E96A0002BD0F7 /* LogInViewModel.swift */ = {isa = PBXFileReference; lastKnownFileType = sourcecode.swift; path = LogInViewModel.swift; sourceTree = "<group>"; };
		638080BD2A1EA064002BD0F7 /* MessageHomeView.swift */ = {isa = PBXFileReference; lastKnownFileType = sourcecode.swift; path = MessageHomeView.swift; sourceTree = "<group>"; };
		638080C02A1EA0D8002BD0F7 /* NavigationRouter.swift */ = {isa = PBXFileReference; lastKnownFileType = sourcecode.swift; path = NavigationRouter.swift; sourceTree = "<group>"; };
		638080C22A1EA0FA002BD0F7 /* Route.swift */ = {isa = PBXFileReference; lastKnownFileType = sourcecode.swift; path = Route.swift; sourceTree = "<group>"; };
		638080C42A1EB147002BD0F7 /* ImagePicker.swift */ = {isa = PBXFileReference; lastKnownFileType = sourcecode.swift; path = ImagePicker.swift; sourceTree = "<group>"; };
		638080C72A1EEF50002BD0F7 /* FirebaseConstants.swift */ = {isa = PBXFileReference; lastKnownFileType = sourcecode.swift; path = FirebaseConstants.swift; sourceTree = "<group>"; };
		638080CA2A1FAACC002BD0F7 /* User.swift */ = {isa = PBXFileReference; lastKnownFileType = sourcecode.swift; path = User.swift; sourceTree = "<group>"; };
		638080CE2A1FD711002BD0F7 /* MessageHomeViewModel.swift */ = {isa = PBXFileReference; lastKnownFileType = sourcecode.swift; path = MessageHomeViewModel.swift; sourceTree = "<group>"; };
		638080D02A1FDB30002BD0F7 /* NewMessageView.swift */ = {isa = PBXFileReference; lastKnownFileType = sourcecode.swift; path = NewMessageView.swift; sourceTree = "<group>"; };
		638080D62A1FE691002BD0F7 /* NewMessageViewModel.swift */ = {isa = PBXFileReference; lastKnownFileType = sourcecode.swift; path = NewMessageViewModel.swift; sourceTree = "<group>"; };
		638080D92A1FE972002BD0F7 /* UserAvatarCircleView.swift */ = {isa = PBXFileReference; lastKnownFileType = sourcecode.swift; path = UserAvatarCircleView.swift; sourceTree = "<group>"; };
		638080DD2A1FF70D002BD0F7 /* ChatView.swift */ = {isa = PBXFileReference; lastKnownFileType = sourcecode.swift; path = ChatView.swift; sourceTree = "<group>"; };
		638080DF2A1FFAE3002BD0F7 /* ChatMessage.swift */ = {isa = PBXFileReference; lastKnownFileType = sourcecode.swift; path = ChatMessage.swift; sourceTree = "<group>"; };
		638080E22A20E292002BD0F7 /* ChatViewModel.swift */ = {isa = PBXFileReference; lastKnownFileType = sourcecode.swift; path = ChatViewModel.swift; sourceTree = "<group>"; };
		638080E42A2109F2002BD0F7 /* RecentMessage.swift */ = {isa = PBXFileReference; lastKnownFileType = sourcecode.swift; path = RecentMessage.swift; sourceTree = "<group>"; };
		6380810C2A27D4F6002BD0F7 /* Info.plist */ = {isa = PBXFileReference; lastKnownFileType = text.plist; path = Info.plist; sourceTree = "<group>"; };
		6380810D2A27D505002BD0F7 /* MyChatApp.entitlements */ = {isa = PBXFileReference; lastKnownFileType = text.plist.entitlements; path = MyChatApp.entitlements; sourceTree = "<group>"; };
/* End PBXFileReference section */

/* Begin PBXFrameworksBuildPhase section */
		6380808C2A1E7204002BD0F7 /* Frameworks */ = {
			isa = PBXFrameworksBuildPhase;
			buildActionMask = 2147483647;
			files = (
				6380810B2A27D4EF002BD0F7 /* FirebaseMessaging in Frameworks */,
				638080A42A1E7401002BD0F7 /* FirebaseAuth in Frameworks */,
				638080A62A1E7401002BD0F7 /* FirebaseFirestore in Frameworks */,
				638080A82A1E7401002BD0F7 /* FirebaseStorage in Frameworks */,
			);
			runOnlyForDeploymentPostprocessing = 0;
		};
/* End PBXFrameworksBuildPhase section */

/* Begin PBXGroup section */
		6325FD2C2A290E9400E8C98A /* Helper Views */ = {
			isa = PBXGroup;
			children = (
				6325FD2D2A290EB100E8C98A /* MessageView.swift */,
			);
			path = "Helper Views";
			sourceTree = "<group>";
		};
		638080862A1E7204002BD0F7 = {
			isa = PBXGroup;
			children = (
				638080912A1E7204002BD0F7 /* MyChatApp */,
				638080902A1E7204002BD0F7 /* Products */,
				638081092A27D4EF002BD0F7 /* Frameworks */,
			);
			sourceTree = "<group>";
		};
		638080902A1E7204002BD0F7 /* Products */ = {
			isa = PBXGroup;
			children = (
				6380808F2A1E7204002BD0F7 /* MyChatApp.app */,
			);
			name = Products;
			sourceTree = "<group>";
		};
		638080912A1E7204002BD0F7 /* MyChatApp */ = {
			isa = PBXGroup;
			children = (
				6380810D2A27D505002BD0F7 /* MyChatApp.entitlements */,
				6380810C2A27D4F6002BD0F7 /* Info.plist */,
				638080C92A1FAAC1002BD0F7 /* Models */,
				638080AC2A1E74B7002BD0F7 /* Features */,
				638080A92A1E7448002BD0F7 /* Utils */,
				638080A02A1E7314002BD0F7 /* GoogleService-Info.plist */,
				638080922A1E7204002BD0F7 /* MyChatAppApp.swift */,
				638080962A1E7206002BD0F7 /* Assets.xcassets */,
				638080982A1E7206002BD0F7 /* Preview Content */,
			);
			path = MyChatApp;
			sourceTree = "<group>";
		};
		638080982A1E7206002BD0F7 /* Preview Content */ = {
			isa = PBXGroup;
			children = (
				638080992A1E7206002BD0F7 /* Preview Assets.xcassets */,
			);
			path = "Preview Content";
			sourceTree = "<group>";
		};
		638080A92A1E7448002BD0F7 /* Utils */ = {
			isa = PBXGroup;
			children = (
				638080D82A1FE94E002BD0F7 /* Helper Views */,
				638080C62A1EEF3E002BD0F7 /* Firebase */,
				638080BF2A1EA0CC002BD0F7 /* Navigation */,
				638080B52A1E926B002BD0F7 /* ColorConstants.swift */,
				638080C42A1EB147002BD0F7 /* ImagePicker.swift */,
			);
			path = Utils;
			sourceTree = "<group>";
		};
		638080AC2A1E74B7002BD0F7 /* Features */ = {
			isa = PBXGroup;
			children = (
				638080DB2A1FF6FE002BD0F7 /* Chat */,
				638080D22A1FDCF1002BD0F7 /* New Message */,
				638080BB2A1EA030002BD0F7 /* Messages Home */,
				638080AD2A1E74C8002BD0F7 /* Sign In */,
			);
			path = Features;
			sourceTree = "<group>";
		};
		638080AD2A1E74C8002BD0F7 /* Sign In */ = {
			isa = PBXGroup;
			children = (
				638080B82A1E960C002BD0F7 /* View Models */,
				638080B72A1E9601002BD0F7 /* Views */,
			);
			path = "Sign In";
			sourceTree = "<group>";
		};
		638080B22A1E7901002BD0F7 /* Helper Views */ = {
			isa = PBXGroup;
			children = (
				638080B32A1E9200002BD0F7 /* RegisterView.swift */,
				638080B02A1E78FB002BD0F7 /* EmailPasswordForm.swift */,
			);
			path = "Helper Views";
			sourceTree = "<group>";
		};
		638080B72A1E9601002BD0F7 /* Views */ = {
			isa = PBXGroup;
			children = (
				638080B22A1E7901002BD0F7 /* Helper Views */,
				638080AE2A1E7521002BD0F7 /* LogInView.swift */,
			);
			path = Views;
			sourceTree = "<group>";
		};
		638080B82A1E960C002BD0F7 /* View Models */ = {
			isa = PBXGroup;
			children = (
				638080B92A1E96A0002BD0F7 /* LogInViewModel.swift */,
			);
			path = "View Models";
			sourceTree = "<group>";
		};
		638080BB2A1EA030002BD0F7 /* Messages Home */ = {
			isa = PBXGroup;
			children = (
				638080CC2A1FD6EA002BD0F7 /* View Model */,
				638080BC2A1EA050002BD0F7 /* Views */,
			);
			path = "Messages Home";
			sourceTree = "<group>";
		};
		638080BC2A1EA050002BD0F7 /* Views */ = {
			isa = PBXGroup;
			children = (
				638080BD2A1EA064002BD0F7 /* MessageHomeView.swift */,
			);
			path = Views;
			sourceTree = "<group>";
		};
		638080BF2A1EA0CC002BD0F7 /* Navigation */ = {
			isa = PBXGroup;
			children = (
				638080C02A1EA0D8002BD0F7 /* NavigationRouter.swift */,
				638080C22A1EA0FA002BD0F7 /* Route.swift */,
			);
			path = Navigation;
			sourceTree = "<group>";
		};
		638080C62A1EEF3E002BD0F7 /* Firebase */ = {
			isa = PBXGroup;
			children = (
				638080AA2A1E745E002BD0F7 /* FirebaseManager.swift */,
				638080C72A1EEF50002BD0F7 /* FirebaseConstants.swift */,
				6325FD2A2A28008F00E8C98A /* FirebaseKeys.swift */,
			);
			path = Firebase;
			sourceTree = "<group>";
		};
		638080C92A1FAAC1002BD0F7 /* Models */ = {
			isa = PBXGroup;
			children = (
				638080CA2A1FAACC002BD0F7 /* User.swift */,
				638080DF2A1FFAE3002BD0F7 /* ChatMessage.swift */,
				638080E42A2109F2002BD0F7 /* RecentMessage.swift */,
			);
			path = Models;
			sourceTree = "<group>";
		};
		638080CC2A1FD6EA002BD0F7 /* View Model */ = {
			isa = PBXGroup;
			children = (
				638080CE2A1FD711002BD0F7 /* MessageHomeViewModel.swift */,
			);
			path = "View Model";
			sourceTree = "<group>";
		};
		638080D22A1FDCF1002BD0F7 /* New Message */ = {
			isa = PBXGroup;
			children = (
				638080D42A1FDD16002BD0F7 /* View Model */,
				638080D32A1FDD00002BD0F7 /* Views */,
			);
			path = "New Message";
			sourceTree = "<group>";
		};
		638080D32A1FDD00002BD0F7 /* Views */ = {
			isa = PBXGroup;
			children = (
				638080D02A1FDB30002BD0F7 /* NewMessageView.swift */,
			);
			path = Views;
			sourceTree = "<group>";
		};
		638080D42A1FDD16002BD0F7 /* View Model */ = {
			isa = PBXGroup;
			children = (
				638080D62A1FE691002BD0F7 /* NewMessageViewModel.swift */,
			);
			path = "View Model";
			sourceTree = "<group>";
		};
		638080D82A1FE94E002BD0F7 /* Helper Views */ = {
			isa = PBXGroup;
			children = (
				638080D92A1FE972002BD0F7 /* UserAvatarCircleView.swift */,
			);
			path = "Helper Views";
			sourceTree = "<group>";
		};
		638080DB2A1FF6FE002BD0F7 /* Chat */ = {
			isa = PBXGroup;
			children = (
				638080E12A20E235002BD0F7 /* View Model */,
				638080DC2A1FF703002BD0F7 /* Views */,
			);
			path = Chat;
			sourceTree = "<group>";
		};
		638080DC2A1FF703002BD0F7 /* Views */ = {
			isa = PBXGroup;
			children = (
				6325FD2C2A290E9400E8C98A /* Helper Views */,
				638080DD2A1FF70D002BD0F7 /* ChatView.swift */,
			);
			path = Views;
			sourceTree = "<group>";
		};
		638080E12A20E235002BD0F7 /* View Model */ = {
			isa = PBXGroup;
			children = (
				638080E22A20E292002BD0F7 /* ChatViewModel.swift */,
			);
			path = "View Model";
			sourceTree = "<group>";
		};
		638081092A27D4EF002BD0F7 /* Frameworks */ = {
			isa = PBXGroup;
			children = (
			);
			name = Frameworks;
			sourceTree = "<group>";
		};
/* End PBXGroup section */

/* Begin PBXNativeTarget section */
		6380808E2A1E7204002BD0F7 /* MyChatApp */ = {
			isa = PBXNativeTarget;
			buildConfigurationList = 6380809D2A1E7206002BD0F7 /* Build configuration list for PBXNativeTarget "MyChatApp" */;
			buildPhases = (
				6380808B2A1E7204002BD0F7 /* Sources */,
				6380808C2A1E7204002BD0F7 /* Frameworks */,
				6380808D2A1E7204002BD0F7 /* Resources */,
			);
			buildRules = (
			);
			dependencies = (
			);
			name = MyChatApp;
			packageProductDependencies = (
				638080A32A1E7401002BD0F7 /* FirebaseAuth */,
				638080A52A1E7401002BD0F7 /* FirebaseFirestore */,
				638080A72A1E7401002BD0F7 /* FirebaseStorage */,
				6380810A2A27D4EF002BD0F7 /* FirebaseMessaging */,
			);
			productName = MyChatApp;
			productReference = 6380808F2A1E7204002BD0F7 /* MyChatApp.app */;
			productType = "com.apple.product-type.application";
		};
/* End PBXNativeTarget section */

/* Begin PBXProject section */
		638080872A1E7204002BD0F7 /* Project object */ = {
			isa = PBXProject;
			attributes = {
				BuildIndependentTargetsInParallel = 1;
				LastSwiftUpdateCheck = 1430;
				LastUpgradeCheck = 1430;
				TargetAttributes = {
					6380808E2A1E7204002BD0F7 = {
						CreatedOnToolsVersion = 14.3;
					};
				};
			};
			buildConfigurationList = 6380808A2A1E7204002BD0F7 /* Build configuration list for PBXProject "MyChatApp" */;
			compatibilityVersion = "Xcode 14.0";
			developmentRegion = en;
			hasScannedForEncodings = 0;
			knownRegions = (
				en,
				Base,
			);
			mainGroup = 638080862A1E7204002BD0F7;
			packageReferences = (
				638080A22A1E7401002BD0F7 /* XCRemoteSwiftPackageReference "firebase-ios-sdk" */,
			);
			productRefGroup = 638080902A1E7204002BD0F7 /* Products */;
			projectDirPath = "";
			projectRoot = "";
			targets = (
				6380808E2A1E7204002BD0F7 /* MyChatApp */,
			);
		};
/* End PBXProject section */

/* Begin PBXResourcesBuildPhase section */
		6380808D2A1E7204002BD0F7 /* Resources */ = {
			isa = PBXResourcesBuildPhase;
			buildActionMask = 2147483647;
			files = (
				6380809A2A1E7206002BD0F7 /* Preview Assets.xcassets in Resources */,
				638080972A1E7206002BD0F7 /* Assets.xcassets in Resources */,
				638080A12A1E7314002BD0F7 /* GoogleService-Info.plist in Resources */,
			);
			runOnlyForDeploymentPostprocessing = 0;
		};
/* End PBXResourcesBuildPhase section */

/* Begin PBXSourcesBuildPhase section */
		6380808B2A1E7204002BD0F7 /* Sources */ = {
			isa = PBXSourcesBuildPhase;
			buildActionMask = 2147483647;
			files = (
				638080DE2A1FF70D002BD0F7 /* ChatView.swift in Sources */,
				638080E32A20E292002BD0F7 /* ChatViewModel.swift in Sources */,
				638080AB2A1E745E002BD0F7 /* FirebaseManager.swift in Sources */,
				638080B12A1E78FB002BD0F7 /* EmailPasswordForm.swift in Sources */,
				638080C32A1EA0FA002BD0F7 /* Route.swift in Sources */,
				638080C82A1EEF50002BD0F7 /* FirebaseConstants.swift in Sources */,
				638080DA2A1FE972002BD0F7 /* UserAvatarCircleView.swift in Sources */,
				638080B62A1E926B002BD0F7 /* ColorConstants.swift in Sources */,
				6325FD2B2A28008F00E8C98A /* FirebaseKeys.swift in Sources */,
				638080E52A2109F2002BD0F7 /* RecentMessage.swift in Sources */,
				638080D72A1FE691002BD0F7 /* NewMessageViewModel.swift in Sources */,
				638080CB2A1FAACC002BD0F7 /* User.swift in Sources */,
				638080BA2A1E96A0002BD0F7 /* LogInViewModel.swift in Sources */,
				638080B42A1E9200002BD0F7 /* RegisterView.swift in Sources */,
				638080D12A1FDB30002BD0F7 /* NewMessageView.swift in Sources */,
				638080E02A1FFAE3002BD0F7 /* ChatMessage.swift in Sources */,
				638080BE2A1EA064002BD0F7 /* MessageHomeView.swift in Sources */,
				638080AF2A1E7521002BD0F7 /* LogInView.swift in Sources */,
				638080CF2A1FD711002BD0F7 /* MessageHomeViewModel.swift in Sources */,
				638080C52A1EB147002BD0F7 /* ImagePicker.swift in Sources */,
				6325FD2E2A290EB100E8C98A /* MessageView.swift in Sources */,
				638080C12A1EA0D8002BD0F7 /* NavigationRouter.swift in Sources */,
				638080932A1E7204002BD0F7 /* MyChatAppApp.swift in Sources */,
			);
			runOnlyForDeploymentPostprocessing = 0;
		};
/* End PBXSourcesBuildPhase section */

/* Begin XCBuildConfiguration section */
		6380809B2A1E7206002BD0F7 /* Debug */ = {
			isa = XCBuildConfiguration;
			buildSettings = {
				ALWAYS_SEARCH_USER_PATHS = NO;
				CLANG_ANALYZER_NONNULL = YES;
				CLANG_ANALYZER_NUMBER_OBJECT_CONVERSION = YES_AGGRESSIVE;
				CLANG_CXX_LANGUAGE_STANDARD = "gnu++20";
				CLANG_ENABLE_MODULES = YES;
				CLANG_ENABLE_OBJC_ARC = YES;
				CLANG_ENABLE_OBJC_WEAK = YES;
				CLANG_WARN_BLOCK_CAPTURE_AUTORELEASING = YES;
				CLANG_WARN_BOOL_CONVERSION = YES;
				CLANG_WARN_COMMA = YES;
				CLANG_WARN_CONSTANT_CONVERSION = YES;
				CLANG_WARN_DEPRECATED_OBJC_IMPLEMENTATIONS = YES;
				CLANG_WARN_DIRECT_OBJC_ISA_USAGE = YES_ERROR;
				CLANG_WARN_DOCUMENTATION_COMMENTS = YES;
				CLANG_WARN_EMPTY_BODY = YES;
				CLANG_WARN_ENUM_CONVERSION = YES;
				CLANG_WARN_INFINITE_RECURSION = YES;
				CLANG_WARN_INT_CONVERSION = YES;
				CLANG_WARN_NON_LITERAL_NULL_CONVERSION = YES;
				CLANG_WARN_OBJC_IMPLICIT_RETAIN_SELF = YES;
				CLANG_WARN_OBJC_LITERAL_CONVERSION = YES;
				CLANG_WARN_OBJC_ROOT_CLASS = YES_ERROR;
				CLANG_WARN_QUOTED_INCLUDE_IN_FRAMEWORK_HEADER = YES;
				CLANG_WARN_RANGE_LOOP_ANALYSIS = YES;
				CLANG_WARN_STRICT_PROTOTYPES = YES;
				CLANG_WARN_SUSPICIOUS_MOVE = YES;
				CLANG_WARN_UNGUARDED_AVAILABILITY = YES_AGGRESSIVE;
				CLANG_WARN_UNREACHABLE_CODE = YES;
				CLANG_WARN__DUPLICATE_METHOD_MATCH = YES;
				COPY_PHASE_STRIP = NO;
				DEBUG_INFORMATION_FORMAT = dwarf;
				ENABLE_STRICT_OBJC_MSGSEND = YES;
				ENABLE_TESTABILITY = YES;
				GCC_C_LANGUAGE_STANDARD = gnu11;
				GCC_DYNAMIC_NO_PIC = NO;
				GCC_NO_COMMON_BLOCKS = YES;
				GCC_OPTIMIZATION_LEVEL = 0;
				GCC_PREPROCESSOR_DEFINITIONS = (
					"DEBUG=1",
					"$(inherited)",
				);
				GCC_WARN_64_TO_32_BIT_CONVERSION = YES;
				GCC_WARN_ABOUT_RETURN_TYPE = YES_ERROR;
				GCC_WARN_UNDECLARED_SELECTOR = YES;
				GCC_WARN_UNINITIALIZED_AUTOS = YES_AGGRESSIVE;
				GCC_WARN_UNUSED_FUNCTION = YES;
				GCC_WARN_UNUSED_VARIABLE = YES;
				IPHONEOS_DEPLOYMENT_TARGET = 16.4;
				MTL_ENABLE_DEBUG_INFO = INCLUDE_SOURCE;
				MTL_FAST_MATH = YES;
				ONLY_ACTIVE_ARCH = YES;
				SDKROOT = iphoneos;
				SWIFT_ACTIVE_COMPILATION_CONDITIONS = DEBUG;
				SWIFT_OPTIMIZATION_LEVEL = "-Onone";
			};
			name = Debug;
		};
		6380809C2A1E7206002BD0F7 /* Release */ = {
			isa = XCBuildConfiguration;
			buildSettings = {
				ALWAYS_SEARCH_USER_PATHS = NO;
				CLANG_ANALYZER_NONNULL = YES;
				CLANG_ANALYZER_NUMBER_OBJECT_CONVERSION = YES_AGGRESSIVE;
				CLANG_CXX_LANGUAGE_STANDARD = "gnu++20";
				CLANG_ENABLE_MODULES = YES;
				CLANG_ENABLE_OBJC_ARC = YES;
				CLANG_ENABLE_OBJC_WEAK = YES;
				CLANG_WARN_BLOCK_CAPTURE_AUTORELEASING = YES;
				CLANG_WARN_BOOL_CONVERSION = YES;
				CLANG_WARN_COMMA = YES;
				CLANG_WARN_CONSTANT_CONVERSION = YES;
				CLANG_WARN_DEPRECATED_OBJC_IMPLEMENTATIONS = YES;
				CLANG_WARN_DIRECT_OBJC_ISA_USAGE = YES_ERROR;
				CLANG_WARN_DOCUMENTATION_COMMENTS = YES;
				CLANG_WARN_EMPTY_BODY = YES;
				CLANG_WARN_ENUM_CONVERSION = YES;
				CLANG_WARN_INFINITE_RECURSION = YES;
				CLANG_WARN_INT_CONVERSION = YES;
				CLANG_WARN_NON_LITERAL_NULL_CONVERSION = YES;
				CLANG_WARN_OBJC_IMPLICIT_RETAIN_SELF = YES;
				CLANG_WARN_OBJC_LITERAL_CONVERSION = YES;
				CLANG_WARN_OBJC_ROOT_CLASS = YES_ERROR;
				CLANG_WARN_QUOTED_INCLUDE_IN_FRAMEWORK_HEADER = YES;
				CLANG_WARN_RANGE_LOOP_ANALYSIS = YES;
				CLANG_WARN_STRICT_PROTOTYPES = YES;
				CLANG_WARN_SUSPICIOUS_MOVE = YES;
				CLANG_WARN_UNGUARDED_AVAILABILITY = YES_AGGRESSIVE;
				CLANG_WARN_UNREACHABLE_CODE = YES;
				CLANG_WARN__DUPLICATE_METHOD_MATCH = YES;
				COPY_PHASE_STRIP = NO;
				DEBUG_INFORMATION_FORMAT = "dwarf-with-dsym";
				ENABLE_NS_ASSERTIONS = NO;
				ENABLE_STRICT_OBJC_MSGSEND = YES;
				GCC_C_LANGUAGE_STANDARD = gnu11;
				GCC_NO_COMMON_BLOCKS = YES;
				GCC_WARN_64_TO_32_BIT_CONVERSION = YES;
				GCC_WARN_ABOUT_RETURN_TYPE = YES_ERROR;
				GCC_WARN_UNDECLARED_SELECTOR = YES;
				GCC_WARN_UNINITIALIZED_AUTOS = YES_AGGRESSIVE;
				GCC_WARN_UNUSED_FUNCTION = YES;
				GCC_WARN_UNUSED_VARIABLE = YES;
				IPHONEOS_DEPLOYMENT_TARGET = 16.4;
				MTL_ENABLE_DEBUG_INFO = NO;
				MTL_FAST_MATH = YES;
				SDKROOT = iphoneos;
				SWIFT_COMPILATION_MODE = wholemodule;
				SWIFT_OPTIMIZATION_LEVEL = "-O";
				VALIDATE_PRODUCT = YES;
			};
			name = Release;
		};
		6380809E2A1E7206002BD0F7 /* Debug */ = {
			isa = XCBuildConfiguration;
			buildSettings = {
				ASSETCATALOG_COMPILER_APPICON_NAME = AppIcon;
				ASSETCATALOG_COMPILER_GLOBAL_ACCENT_COLOR_NAME = AccentColor;
				CODE_SIGN_ENTITLEMENTS = MyChatApp/MyChatApp.entitlements;
				CODE_SIGN_STYLE = Automatic;
				CURRENT_PROJECT_VERSION = 1;
				DEVELOPMENT_ASSET_PATHS = "\"MyChatApp/Preview Content\"";
				DEVELOPMENT_TEAM = PGC4FV57FE;
				ENABLE_PREVIEWS = YES;
				GENERATE_INFOPLIST_FILE = YES;
				INFOPLIST_FILE = MyChatApp/Info.plist;
				INFOPLIST_KEY_UIApplicationSceneManifest_Generation = YES;
				INFOPLIST_KEY_UIApplicationSupportsIndirectInputEvents = YES;
				INFOPLIST_KEY_UILaunchScreen_Generation = YES;
				INFOPLIST_KEY_UISupportedInterfaceOrientations_iPad = "UIInterfaceOrientationPortrait UIInterfaceOrientationPortraitUpsideDown UIInterfaceOrientationLandscapeLeft UIInterfaceOrientationLandscapeRight";
				INFOPLIST_KEY_UISupportedInterfaceOrientations_iPhone = "UIInterfaceOrientationPortrait UIInterfaceOrientationLandscapeLeft UIInterfaceOrientationLandscapeRight";
				LD_RUNPATH_SEARCH_PATHS = (
					"$(inherited)",
					"@executable_path/Frameworks",
				);
				MARKETING_VERSION = 1.0;
				PRODUCT_BUNDLE_IDENTIFIER = com.david.MyChatApp;
				PRODUCT_NAME = "$(TARGET_NAME)";
				SWIFT_EMIT_LOC_STRINGS = YES;
				SWIFT_VERSION = 5.0;
				TARGETED_DEVICE_FAMILY = "1,2";
			};
			name = Debug;
		};
		6380809F2A1E7206002BD0F7 /* Release */ = {
			isa = XCBuildConfiguration;
			buildSettings = {
				ASSETCATALOG_COMPILER_APPICON_NAME = AppIcon;
				ASSETCATALOG_COMPILER_GLOBAL_ACCENT_COLOR_NAME = AccentColor;
				CODE_SIGN_ENTITLEMENTS = MyChatApp/MyChatApp.entitlements;
				CODE_SIGN_STYLE = Automatic;
				CURRENT_PROJECT_VERSION = 1;
				DEVELOPMENT_ASSET_PATHS = "\"MyChatApp/Preview Content\"";
				DEVELOPMENT_TEAM = PGC4FV57FE;
				ENABLE_PREVIEWS = YES;
				GENERATE_INFOPLIST_FILE = YES;
				INFOPLIST_FILE = MyChatApp/Info.plist;
				INFOPLIST_KEY_UIApplicationSceneManifest_Generation = YES;
				INFOPLIST_KEY_UIApplicationSupportsIndirectInputEvents = YES;
				INFOPLIST_KEY_UILaunchScreen_Generation = YES;
				INFOPLIST_KEY_UISupportedInterfaceOrientations_iPad = "UIInterfaceOrientationPortrait UIInterfaceOrientationPortraitUpsideDown UIInterfaceOrientationLandscapeLeft UIInterfaceOrientationLandscapeRight";
				INFOPLIST_KEY_UISupportedInterfaceOrientations_iPhone = "UIInterfaceOrientationPortrait UIInterfaceOrientationLandscapeLeft UIInterfaceOrientationLandscapeRight";
				LD_RUNPATH_SEARCH_PATHS = (
					"$(inherited)",
					"@executable_path/Frameworks",
				);
				MARKETING_VERSION = 1.0;
				PRODUCT_BUNDLE_IDENTIFIER = com.david.MyChatApp;
				PRODUCT_NAME = "$(TARGET_NAME)";
				SWIFT_EMIT_LOC_STRINGS = YES;
				SWIFT_VERSION = 5.0;
				TARGETED_DEVICE_FAMILY = "1,2";
			};
			name = Release;
		};
/* End XCBuildConfiguration section */

/* Begin XCConfigurationList section */
		6380808A2A1E7204002BD0F7 /* Build configuration list for PBXProject "MyChatApp" */ = {
			isa = XCConfigurationList;
			buildConfigurations = (
				6380809B2A1E7206002BD0F7 /* Debug */,
				6380809C2A1E7206002BD0F7 /* Release */,
			);
			defaultConfigurationIsVisible = 0;
			defaultConfigurationName = Release;
		};
		6380809D2A1E7206002BD0F7 /* Build configuration list for PBXNativeTarget "MyChatApp" */ = {
			isa = XCConfigurationList;
			buildConfigurations = (
				6380809E2A1E7206002BD0F7 /* Debug */,
				6380809F2A1E7206002BD0F7 /* Release */,
			);
			defaultConfigurationIsVisible = 0;
			defaultConfigurationName = Release;
		};
/* End XCConfigurationList section */

/* Begin XCRemoteSwiftPackageReference section */
		638080A22A1E7401002BD0F7 /* XCRemoteSwiftPackageReference "firebase-ios-sdk" */ = {
			isa = XCRemoteSwiftPackageReference;
			repositoryURL = "https://github.com/firebase/firebase-ios-sdk.git";
			requirement = {
				kind = upToNextMajorVersion;
				minimumVersion = 10.0.0;
			};
		};
/* End XCRemoteSwiftPackageReference section */

/* Begin XCSwiftPackageProductDependency section */
		638080A32A1E7401002BD0F7 /* FirebaseAuth */ = {
			isa = XCSwiftPackageProductDependency;
			package = 638080A22A1E7401002BD0F7 /* XCRemoteSwiftPackageReference "firebase-ios-sdk" */;
			productName = FirebaseAuth;
		};
		638080A52A1E7401002BD0F7 /* FirebaseFirestore */ = {
			isa = XCSwiftPackageProductDependency;
			package = 638080A22A1E7401002BD0F7 /* XCRemoteSwiftPackageReference "firebase-ios-sdk" */;
			productName = FirebaseFirestore;
		};
		638080A72A1E7401002BD0F7 /* FirebaseStorage */ = {
			isa = XCSwiftPackageProductDependency;
			package = 638080A22A1E7401002BD0F7 /* XCRemoteSwiftPackageReference "firebase-ios-sdk" */;
			productName = FirebaseStorage;
		};
		6380810A2A27D4EF002BD0F7 /* FirebaseMessaging */ = {
			isa = XCSwiftPackageProductDependency;
			package = 638080A22A1E7401002BD0F7 /* XCRemoteSwiftPackageReference "firebase-ios-sdk" */;
			productName = FirebaseMessaging;
		};
/* End XCSwiftPackageProductDependency section */
	};
	rootObject = 638080872A1E7204002BD0F7 /* Project object */;
}
